
Microsoft Visual Studio Solution File, Format Version 12.00
# Visual Studio Version 17
VisualStudioVersion = 17.3.32825.248
MinimumVisualStudioVersion = 10.0.40219.1
Project("{FAE04EC0-301F-11D3-BF4B-00C04F79EFBC}") = "LinqFinish", "LinqFinish.csproj", "{52A63173-544F-4788-BA97-87C4C9F23D11}"
EndProject
Global
	GlobalSection(SolutionConfigurationPlatforms) = preSolution
		Debug|Any CPU = Debug|Any CPU
		Release|Any CPU = Release|Any CPU
	EndGlobalSection
	GlobalSection(ProjectConfigurationPlatforms) = postSolution
		{52A63173-544F-4788-BA97-87C4C9F23D11}.Debug|Any CPU.ActiveCfg = Debug|Any CPU
		{52A63173-544F-4788-BA97-87C4C9F23D11}.Debug|Any CPU.Build.0 = Debug|Any CPU
		{52A63173-544F-4788-BA97-87C4C9F23D11}.Release|Any CPU.ActiveCfg = Release|Any CPU
		{52A63173-544F-4788-BA97-87C4C9F23D11}.Release|Any CPU.Build.0 = Release|Any CPU
	EndGlobalSection
	GlobalSection(SolutionProperties) = preSolution
		HideSolutionNode = FALSE
	EndGlobalSection
	GlobalSection(ExtensibilityGlobals) = postSolution
		SolutionGuid = {59AD8395-4F0F-4A6F-962D-CD5F5CE1F21F}
	EndGlobalSection
EndGlobal
